# THIS IS AN AUTOGENERATED FILE. DO NOT EDIT THIS FILE DIRECTLY.
# yarn lockfile v1


meck-test-aa@^1.0.1:
  version "1.0.1"
  resolved "https://registry.yarnpkg.com/meck-test-aa/-/meck-test-aa-1.0.1.tgz#bb352b5f5752febe92698712785e7ac0ddee5f00"
  dependencies:
    meck-test-bb "^1.0.0"

meck-test-bb@^1.0.0:
  version "1.0.0"
  resolved "https://registry.yarnpkg.com/meck-test-bb/-/meck-test-bb-1.0.0.tgz#b96934a01e5db227873012c2cf6f9ef8e46b6843"
